
Microsoft Visual Studio Solution File, Format Version 12.00
# Visual Studio Version 17
VisualStudioVersion = 17.12.35527.113 d17.12
MinimumVisualStudioVersion = 10.0.40219.1
Project("{FAE04EC0-301F-11D3-BF4B-00C04F79EFBC}") = "hotel-backend", "hotel-backend\hotel-backend.csproj", "{DEA8E181-A851-45C6-A371-7E791C025DFF}"
EndProject
Global
	GlobalSection(SolutionConfigurationPlatforms) = preSolution
		Debug|Any CPU = Debug|Any CPU
		Release|Any CPU = Release|Any CPU
	EndGlobalSection
	GlobalSection(ProjectConfigurationPlatforms) = postSolution
		{DEA8E181-A851-45C6-A371-7E791C025DFF}.Debug|Any CPU.ActiveCfg = Debug|Any CPU
		{DEA8E181-A851-45C6-A371-7E791C025DFF}.Debug|Any CPU.Build.0 = Debug|Any CPU
		{DEA8E181-A851-45C6-A371-7E791C025DFF}.Release|Any CPU.ActiveCfg = Release|Any CPU
		{DEA8E181-A851-45C6-A371-7E791C025DFF}.Release|Any CPU.Build.0 = Release|Any CPU
	EndGlobalSection
	GlobalSection(SolutionProperties) = preSolution
		HideSolutionNode = FALSE
	EndGlobalSection
EndGlobal
